
Microsoft Visual Studio Solution File, Format Version 12.00
# Visual Studio Version 16
VisualStudioVersion = 16.0.32510.428
MinimumVisualStudioVersion = 10.0.40219.1
Project("{FAE04EC0-301F-11D3-BF4B-00C04F79EFBC}") = "Software Colegio Movil.Android", "Software Colegio Movil.Android\Software Colegio Movil.Android.csproj", "{CED26A5F-A217-4201-9674-AD6862094481}"
EndProject
Project("{FAE04EC0-301F-11D3-BF4B-00C04F79EFBC}") = "Software Colegio Movil.iOS", "Software Colegio Movil.iOS\Software Colegio Movil.iOS.csproj", "{8A17D6DE-06F2-4C12-8637-96A3D3BEAD37}"
EndProject
Project("{FAE04EC0-301F-11D3-BF4B-00C04F79EFBC}") = "Software Colegio Movil", "Software Colegio Movil\Software Colegio Movil.csproj", "{1B9A19ED-CF27-4201-9374-F09DEA12BF2A}"
EndProject
Global
	GlobalSection(SolutionConfigurationPlatforms) = preSolution
		Debug|Any CPU = Debug|Any CPU
		Debug|iPhone = Debug|iPhone
		Debug|iPhoneSimulator = Debug|iPhoneSimulator
		Release|Any CPU = Release|Any CPU
		Release|iPhone = Release|iPhone
		Release|iPhoneSimulator = Release|iPhoneSimulator
	EndGlobalSection
	GlobalSection(ProjectConfigurationPlatforms) = postSolution
		{CED26A5F-A217-4201-9674-AD6862094481}.Debug|Any CPU.ActiveCfg = Debug|Any CPU
		{CED26A5F-A217-4201-9674-AD6862094481}.Debug|Any CPU.Build.0 = Debug|Any CPU
		{CED26A5F-A217-4201-9674-AD6862094481}.Debug|Any CPU.Deploy.0 = Debug|Any CPU
		{CED26A5F-A217-4201-9674-AD6862094481}.Debug|iPhone.ActiveCfg = Debug|Any CPU
		{CED26A5F-A217-4201-9674-AD6862094481}.Debug|iPhone.Build.0 = Debug|Any CPU
		{CED26A5F-A217-4201-9674-AD6862094481}.Debug|iPhone.Deploy.0 = Debug|Any CPU
		{CED26A5F-A217-4201-9674-AD6862094481}.Debug|iPhoneSimulator.ActiveCfg = Debug|Any CPU
		{CED26A5F-A217-4201-9674-AD6862094481}.Debug|iPhoneSimulator.Build.0 = Debug|Any CPU
		{CED26A5F-A217-4201-9674-AD6862094481}.Debug|iPhoneSimulator.Deploy.0 = Debug|Any CPU
		{CED26A5F-A217-4201-9674-AD6862094481}.Release|Any CPU.ActiveCfg = Release|Any CPU
		{CED26A5F-A217-4201-9674-AD6862094481}.Release|Any CPU.Build.0 = Release|Any CPU
		{CED26A5F-A217-4201-9674-AD6862094481}.Release|Any CPU.Deploy.0 = Release|Any CPU
		{CED26A5F-A217-4201-9674-AD6862094481}.Release|iPhone.ActiveCfg = Release|Any CPU
		{CED26A5F-A217-4201-9674-AD6862094481}.Release|iPhone.Build.0 = Release|Any CPU
		{CED26A5F-A217-4201-9674-AD6862094481}.Release|iPhone.Deploy.0 = Release|Any CPU
		{CED26A5F-A217-4201-9674-AD6862094481}.Release|iPhoneSimulator.ActiveCfg = Release|Any CPU
		{CED26A5F-A217-4201-9674-AD6862094481}.Release|iPhoneSimulator.Build.0 = Release|Any CPU
		{CED26A5F-A217-4201-9674-AD6862094481}.Release|iPhoneSimulator.Deploy.0 = Release|Any CPU
		{8A17D6DE-06F2-4C12-8637-96A3D3BEAD37}.Debug|Any CPU.ActiveCfg = Debug|iPhone
		{8A17D6DE-06F2-4C12-8637-96A3D3BEAD37}.Debug|Any CPU.Build.0 = Debug|iPhone
		{8A17D6DE-06F2-4C12-8637-96A3D3BEAD37}.Debug|Any CPU.Deploy.0 = Debug|iPhone
		{8A17D6DE-06F2-4C12-8637-96A3D3BEAD37}.Debug|iPhone.ActiveCfg = Debug|iPhone
		{8A17D6DE-06F2-4C12-8637-96A3D3BEAD37}.Debug|iPhone.Build.0 = Debug|iPhone
		{8A17D6DE-06F2-4C12-8637-96A3D3BEAD37}.Debug|iPhone.Deploy.0 = Debug|iPhone
		{8A17D6DE-06F2-4C12-8637-96A3D3BEAD37}.Debug|iPhoneSimulator.ActiveCfg = Debug|iPhoneSimulator
		{8A17D6DE-06F2-4C12-8637-96A3D3BEAD37}.Debug|iPhoneSimulator.Build.0 = Debug|iPhoneSimulator
		{8A17D6DE-06F2-4C12-8637-96A3D3BEAD37}.Debug|iPhoneSimulator.Deploy.0 = Debug|iPhoneSimulator
		{8A17D6DE-06F2-4C12-8637-96A3D3BEAD37}.Release|Any CPU.ActiveCfg = Release|iPhoneSimulator
		{8A17D6DE-06F2-4C12-8637-96A3D3BEAD37}.Release|Any CPU.Build.0 = Release|iPhoneSimulator
		{8A17D6DE-06F2-4C12-8637-96A3D3BEAD37}.Release|Any CPU.Deploy.0 = Release|iPhoneSimulator
		{8A17D6DE-06F2-4C12-8637-96A3D3BEAD37}.Release|iPhone.ActiveCfg = Release|iPhone
		{8A17D6DE-06F2-4C12-8637-96A3D3BEAD37}.Release|iPhone.Build.0 = Release|iPhone
		{8A17D6DE-06F2-4C12-8637-96A3D3BEAD37}.Release|iPhone.Deploy.0 = Release|iPhone
		{8A17D6DE-06F2-4C12-8637-96A3D3BEAD37}.Release|iPhoneSimulator.ActiveCfg = Release|iPhoneSimulator
		{8A17D6DE-06F2-4C12-8637-96A3D3BEAD37}.Release|iPhoneSimulator.Build.0 = Release|iPhoneSimulator
		{8A17D6DE-06F2-4C12-8637-96A3D3BEAD37}.Release|iPhoneSimulator.Deploy.0 = Release|iPhoneSimulator
		{1B9A19ED-CF27-4201-9374-F09DEA12BF2A}.Debug|Any CPU.ActiveCfg = Debug|Any CPU
		{1B9A19ED-CF27-4201-9374-F09DEA12BF2A}.Debug|Any CPU.Build.0 = Debug|Any CPU
		{1B9A19ED-CF27-4201-9374-F09DEA12BF2A}.Debug|Any CPU.Deploy.0 = Debug|Any CPU
		{1B9A19ED-CF27-4201-9374-F09DEA12BF2A}.Debug|iPhone.ActiveCfg = Debug|Any CPU
		{1B9A19ED-CF27-4201-9374-F09DEA12BF2A}.Debug|iPhone.Build.0 = Debug|Any CPU
		{1B9A19ED-CF27-4201-9374-F09DEA12BF2A}.Debug|iPhone.Deploy.0 = Debug|Any CPU
		{1B9A19ED-CF27-4201-9374-F09DEA12BF2A}.Debug|iPhoneSimulator.ActiveCfg = Debug|Any CPU
		{1B9A19ED-CF27-4201-9374-F09DEA12BF2A}.Debug|iPhoneSimulator.Build.0 = Debug|Any CPU
		{1B9A19ED-CF27-4201-9374-F09DEA12BF2A}.Debug|iPhoneSimulator.Deploy.0 = Debug|Any CPU
		{1B9A19ED-CF27-4201-9374-F09DEA12BF2A}.Release|Any CPU.ActiveCfg = Release|Any CPU
		{1B9A19ED-CF27-4201-9374-F09DEA12BF2A}.Release|Any CPU.Build.0 = Release|Any CPU
		{1B9A19ED-CF27-4201-9374-F09DEA12BF2A}.Release|Any CPU.Deploy.0 = Release|Any CPU
		{1B9A19ED-CF27-4201-9374-F09DEA12BF2A}.Release|iPhone.ActiveCfg = Release|Any CPU
		{1B9A19ED-CF27-4201-9374-F09DEA12BF2A}.Release|iPhone.Build.0 = Release|Any CPU
		{1B9A19ED-CF27-4201-9374-F09DEA12BF2A}.Release|iPhone.Deploy.0 = Release|Any CPU
		{1B9A19ED-CF27-4201-9374-F09DEA12BF2A}.Release|iPhoneSimulator.ActiveCfg = Release|Any CPU
		{1B9A19ED-CF27-4201-9374-F09DEA12BF2A}.Release|iPhoneSimulator.Build.0 = Release|Any CPU
		{1B9A19ED-CF27-4201-9374-F09DEA12BF2A}.Release|iPhoneSimulator.Deploy.0 = Release|Any CPU
	EndGlobalSection
	GlobalSection(SolutionProperties) = preSolution
		HideSolutionNode = FALSE
	EndGlobalSection
	GlobalSection(ExtensibilityGlobals) = postSolution
		SolutionGuid = {770A51CB-15AB-4B50-9EA0-A9B21C686848}
	EndGlobalSection
EndGlobal
